
Microsoft Visual Studio Solution File, Format Version 12.00
# Visual Studio 14
VisualStudioVersion = 14.0.25420.1
MinimumVisualStudioVersion = 10.0.40219.1
Project("{8BC9CEB8-8B4A-11D0-8D11-00A0C91BC942}") = "Templates_16.2", "Templates_16.2\Templates_16.2.vcxproj", "{B92D64F6-54C2-4137-9A89-5F65FE45ABEB}"
EndProject
Global
	GlobalSection(SolutionConfigurationPlatforms) = preSolution
		Debug|x64 = Debug|x64
		Debug|x86 = Debug|x86
		Release|x64 = Release|x64
		Release|x86 = Release|x86
	EndGlobalSection
	GlobalSection(ProjectConfigurationPlatforms) = postSolution
		{B92D64F6-54C2-4137-9A89-5F65FE45ABEB}.Debug|x64.ActiveCfg = Debug|x64
		{B92D64F6-54C2-4137-9A89-5F65FE45ABEB}.Debug|x64.Build.0 = Debug|x64
		{B92D64F6-54C2-4137-9A89-5F65FE45ABEB}.Debug|x86.ActiveCfg = Debug|Win32
		{B92D64F6-54C2-4137-9A89-5F65FE45ABEB}.Debug|x86.Build.0 = Debug|Win32
		{B92D64F6-54C2-4137-9A89-5F65FE45ABEB}.Release|x64.ActiveCfg = Release|x64
		{B92D64F6-54C2-4137-9A89-5F65FE45ABEB}.Release|x64.Build.0 = Release|x64
		{B92D64F6-54C2-4137-9A89-5F65FE45ABEB}.Release|x86.ActiveCfg = Release|Win32
		{B92D64F6-54C2-4137-9A89-5F65FE45ABEB}.Release|x86.Build.0 = Release|Win32
	EndGlobalSection
	GlobalSection(SolutionProperties) = preSolution
		HideSolutionNode = FALSE
	EndGlobalSection
EndGlobal
